// !$*UTF8*$!
{
	archiveVersion = 1;
	classes = {
	};
	objectVersion = 55;
	objects = {

/* Begin PBXBuildFile section */
		616AC17128649EE100A9E6DC /* ResultViewController.swift in Sources */ = {isa = PBXBuildFile; fileRef = 616AC17028649EE100A9E6DC /* ResultViewController.swift */; };
		616AC17328649F5B00A9E6DC /* QuizCollectionViewCell.swift in Sources */ = {isa = PBXBuildFile; fileRef = 616AC17228649F5B00A9E6DC /* QuizCollectionViewCell.swift */; };
		616AC1752864A19C00A9E6DC /* QuizViewController.swift in Sources */ = {isa = PBXBuildFile; fileRef = 616AC1742864A19C00A9E6DC /* QuizViewController.swift */; };
		616AC1772864A3CF00A9E6DC /* QuestionModel.swift in Sources */ = {isa = PBXBuildFile; fileRef = 616AC1762864A3CF00A9E6DC /* QuestionModel.swift */; };
		61BCA44F2863878600CB2EDD /* AppDelegate.swift in Sources */ = {isa = PBXBuildFile; fileRef = 61BCA44E2863878600CB2EDD /* AppDelegate.swift */; };
		61BCA4512863878600CB2EDD /* SceneDelegate.swift in Sources */ = {isa = PBXBuildFile; fileRef = 61BCA4502863878600CB2EDD /* SceneDelegate.swift */; };
		61BCA4532863878600CB2EDD /* ViewController.swift in Sources */ = {isa = PBXBuildFile; fileRef = 61BCA4522863878600CB2EDD /* ViewController.swift */; };
		61BCA4562863878600CB2EDD /* Main.storyboard in Resources */ = {isa = PBXBuildFile; fileRef = 61BCA4542863878600CB2EDD /* Main.storyboard */; };
		61BCA4582863878800CB2EDD /* Assets.xcassets in Resources */ = {isa = PBXBuildFile; fileRef = 61BCA4572863878800CB2EDD /* Assets.xcassets */; };
		61BCA45B2863878800CB2EDD /* LaunchScreen.storyboard in Resources */ = {isa = PBXBuildFile; fileRef = 61BCA4592863878800CB2EDD /* LaunchScreen.storyboard */; };
/* End PBXBuildFile section */

/* Begin PBXFileReference section */
		616AC17028649EE100A9E6DC /* ResultViewController.swift */ = {isa = PBXFileReference; lastKnownFileType = sourcecode.swift; path = ResultViewController.swift; sourceTree = "<group>"; };
		616AC17228649F5B00A9E6DC /* QuizCollectionViewCell.swift */ = {isa = PBXFileReference; lastKnownFileType = sourcecode.swift; path = QuizCollectionViewCell.swift; sourceTree = "<group>"; };
		616AC1742864A19C00A9E6DC /* QuizViewController.swift */ = {isa = PBXFileReference; lastKnownFileType = sourcecode.swift; path = QuizViewController.swift; sourceTree = "<group>"; };
		616AC1762864A3CF00A9E6DC /* QuestionModel.swift */ = {isa = PBXFileReference; lastKnownFileType = sourcecode.swift; path = QuestionModel.swift; sourceTree = "<group>"; };
		61BCA44B2863878600CB2EDD /* MAD3115Project1.app */ = {isa = PBXFileReference; explicitFileType = wrapper.application; includeInIndex = 0; path = MAD3115Project1.app; sourceTree = BUILT_PRODUCTS_DIR; };
		61BCA44E2863878600CB2EDD /* AppDelegate.swift */ = {isa = PBXFileReference; lastKnownFileType = sourcecode.swift; path = AppDelegate.swift; sourceTree = "<group>"; };
		61BCA4502863878600CB2EDD /* SceneDelegate.swift */ = {isa = PBXFileReference; lastKnownFileType = sourcecode.swift; path = SceneDelegate.swift; sourceTree = "<group>"; };
		61BCA4522863878600CB2EDD /* ViewController.swift */ = {isa = PBXFileReference; lastKnownFileType = sourcecode.swift; path = ViewController.swift; sourceTree = "<group>"; };
		61BCA4552863878600CB2EDD /* Base */ = {isa = PBXFileReference; lastKnownFileType = file.storyboard; name = Base; path = Base.lproj/Main.storyboard; sourceTree = "<group>"; };
		61BCA4572863878800CB2EDD /* Assets.xcassets */ = {isa = PBXFileReference; lastKnownFileType = folder.assetcatalog; path = Assets.xcassets; sourceTree = "<group>"; };
		61BCA45A2863878800CB2EDD /* Base */ = {isa = PBXFileReference; lastKnownFileType = file.storyboard; name = Base; path = Base.lproj/LaunchScreen.storyboard; sourceTree = "<group>"; };
		61BCA45C2863878800CB2EDD /* Info.plist */ = {isa = PBXFileReference; lastKnownFileType = text.plist.xml; path = Info.plist; sourceTree = "<group>"; };
/* End PBXFileReference section */

/* Begin PBXFrameworksBuildPhase section */
		61BCA4482863878600CB2EDD /* Frameworks */ = {
			isa = PBXFrameworksBuildPhase;
			buildActionMask = 2147483647;
			files = (
			);
			runOnlyForDeploymentPostprocessing = 0;
		};
/* End PBXFrameworksBuildPhase section */

/* Begin PBXGroup section */
		61BCA4422863878600CB2EDD = {
			isa = PBXGroup;
			children = (
				61BCA44D2863878600CB2EDD /* MAD3115Project1 */,
				61BCA44C2863878600CB2EDD /* Products */,
			);
			sourceTree = "<group>";
		};
		61BCA44C2863878600CB2EDD /* Products */ = {
			isa = PBXGroup;
			children = (
				61BCA44B2863878600CB2EDD /* MAD3115Project1.app */,
			);
			name = Products;
			sourceTree = "<group>";
		};
		61BCA44D2863878600CB2EDD /* MAD3115Project1 */ = {
			isa = PBXGroup;
			children = (
				61BCA44E2863878600CB2EDD /* AppDelegate.swift */,
				61BCA4502863878600CB2EDD /* SceneDelegate.swift */,
				61BCA4522863878600CB2EDD /* ViewController.swift */,
				61BCA4542863878600CB2EDD /* Main.storyboard */,
				61BCA4572863878800CB2EDD /* Assets.xcassets */,
				61BCA4592863878800CB2EDD /* LaunchScreen.storyboard */,
				61BCA45C2863878800CB2EDD /* Info.plist */,
				616AC17028649EE100A9E6DC /* ResultViewController.swift */,
				616AC17228649F5B00A9E6DC /* QuizCollectionViewCell.swift */,
				616AC1742864A19C00A9E6DC /* QuizViewController.swift */,
				616AC1762864A3CF00A9E6DC /* QuestionModel.swift */,
			);
			path = MAD3115Project1;
			sourceTree = "<group>";
		};
/* End PBXGroup section */

/* Begin PBXNativeTarget section */
		61BCA44A2863878600CB2EDD /* MAD3115Project1 */ = {
			isa = PBXNativeTarget;
			buildConfigurationList = 61BCA45F2863878800CB2EDD /* Build configuration list for PBXNativeTarget "MAD3115Project1" */;
			buildPhases = (
				61BCA4472863878600CB2EDD /* Sources */,
				61BCA4482863878600CB2EDD /* Frameworks */,
				61BCA4492863878600CB2EDD /* Resources */,
			);
			buildRules = (
			);
			dependencies = (
			);
			name = MAD3115Project1;
			productName = MAD3115Project1;
			productReference = 61BCA44B2863878600CB2EDD /* MAD3115Project1.app */;
			productType = "com.apple.product-type.application";
		};
/* End PBXNativeTarget section */

/* Begin PBXProject section */
		61BCA4432863878600CB2EDD /* Project object */ = {
			isa = PBXProject;
			attributes = {
				BuildIndependentTargetsInParallel = 1;
				LastSwiftUpdateCheck = 1340;
				LastUpgradeCheck = 1340;
				TargetAttributes = {
					61BCA44A2863878600CB2EDD = {
						CreatedOnToolsVersion = 13.4.1;
					};
				};
			};
			buildConfigurationList = 61BCA4462863878600CB2EDD /* Build configuration list for PBXProject "MAD3115Project1" */;
			compatibilityVersion = "Xcode 13.0";
			developmentRegion = en;
			hasScannedForEncodings = 0;
			knownRegions = (
				en,
				Base,
			);
			mainGroup = 61BCA4422863878600CB2EDD;
			productRefGroup = 61BCA44C2863878600CB2EDD /* Products */;
			projectDirPath = "";
			projectRoot = "";
			targets = (
				61BCA44A2863878600CB2EDD /* MAD3115Project1 */,
			);
		};
/* End PBXProject section */

/* Begin PBXResourcesBuildPhase section */
		61BCA4492863878600CB2EDD /* Resources */ = {
			isa = PBXResourcesBuildPhase;
			buildActionMask = 2147483647;
			files = (
				61BCA45B2863878800CB2EDD /* LaunchScreen.storyboard in Resources */,
				61BCA4582863878800CB2EDD /* Assets.xcassets in Resources */,
				61BCA4562863878600CB2EDD /* Main.storyboard in Resources */,
			);
			runOnlyForDeploymentPostprocessing = 0;
		};
/* End PBXResourcesBuildPhase section */

/* Begin PBXSourcesBuildPhase section */
		61BCA4472863878600CB2EDD /* Sources */ = {
			isa = PBXSourcesBuildPhase;
			buildActionMask = 2147483647;
			files = (
				616AC17128649EE100A9E6DC /* ResultViewController.swift in Sources */,
				61BCA4532863878600CB2EDD /* ViewController.swift in Sources */,
				616AC1772864A3CF00A9E6DC /* QuestionModel.swift in Sources */,
				61BCA44F2863878600CB2EDD /* AppDelegate.swift in Sources */,
				616AC1752864A19C00A9E6DC /* QuizViewController.swift in Sources */,
				616AC17328649F5B00A9E6DC /* QuizCollectionViewCell.swift in Sources */,
				61BCA4512863878600CB2EDD /* SceneDelegate.swift in Sources */,
			);
			runOnlyForDeploymentPostprocessing = 0;
		};
/* End PBXSourcesBuildPhase section */

/* Begin PBXVariantGroup section */
		61BCA4542863878600CB2EDD /* Main.storyboard */ = {
			isa = PBXVariantGroup;
			children = (
				61BCA4552863878600CB2EDD /* Base */,
			);
			name = Main.storyboard;
			sourceTree = "<group>";
		};
		61BCA4592863878800CB2EDD /* LaunchScreen.storyboard */ = {
			isa = PBXVariantGroup;
			children = (
				61BCA45A2863878800CB2EDD /* Base */,
			);
			name = LaunchScreen.storyboard;
			sourceTree = "<group>";
		};
/* End PBXVariantGroup section */

/* Begin XCBuildConfiguration section */
		61BCA45D2863878800CB2EDD /* Debug */ = {
			isa = XCBuildConfiguration;
			buildSettings = {
				ALWAYS_SEARCH_USER_PATHS = NO;
				CLANG_ANALYZER_NONNULL = YES;
				CLANG_ANALYZER_NUMBER_OBJECT_CONVERSION = YES_AGGRESSIVE;
				CLANG_CXX_LANGUAGE_STANDARD = "gnu++17";
				CLANG_ENABLE_MODULES = YES;
				CLANG_ENABLE_OBJC_ARC = YES;
				CLANG_ENABLE_OBJC_WEAK = YES;
				CLANG_WARN_BLOCK_CAPTURE_AUTORELEASING = YES;
				CLANG_WARN_BOOL_CONVERSION = YES;
				CLANG_WARN_COMMA = YES;
				CLANG_WARN_CONSTANT_CONVERSION = YES;
				CLANG_WARN_DEPRECATED_OBJC_IMPLEMENTATIONS = YES;
				CLANG_WARN_DIRECT_OBJC_ISA_USAGE = YES_ERROR;
				CLANG_WARN_DOCUMENTATION_COMMENTS = YES;
				CLANG_WARN_EMPTY_BODY = YES;
				CLANG_WARN_ENUM_CONVERSION = YES;
				CLANG_WARN_INFINITE_RECURSION = YES;
				CLANG_WARN_INT_CONVERSION = YES;
				CLANG_WARN_NON_LITERAL_NULL_CONVERSION = YES;
				CLANG_WARN_OBJC_IMPLICIT_RETAIN_SELF = YES;
				CLANG_WARN_OBJC_LITERAL_CONVERSION = YES;
				CLANG_WARN_OBJC_ROOT_CLASS = YES_ERROR;
				CLANG_WARN_QUOTED_INCLUDE_IN_FRAMEWORK_HEADER = YES;
				CLANG_WARN_RANGE_LOOP_ANALYSIS = YES;
				CLANG_WARN_STRICT_PROTOTYPES = YES;
				CLANG_WARN_SUSPICIOUS_MOVE = YES;
				CLANG_WARN_UNGUARDED_AVAILABILITY = YES_AGGRESSIVE;
				CLANG_WARN_UNREACHABLE_CODE = YES;
				CLANG_WARN__DUPLICATE_METHOD_MATCH = YES;
				COPY_PHASE_STRIP = NO;
				DEBUG_INFORMATION_FORMAT = dwarf;
				ENABLE_STRICT_OBJC_MSGSEND = YES;
				ENABLE_TESTABILITY = YES;
				GCC_C_LANGUAGE_STANDARD = gnu11;
				GCC_DYNAMIC_NO_PIC = NO;
				GCC_NO_COMMON_BLOCKS = YES;
				GCC_OPTIMIZATION_LEVEL = 0;
				GCC_PREPROCESSOR_DEFINITIONS = (
					"DEBUG=1",
					"$(inherited)",
				);
				GCC_WARN_64_TO_32_BIT_CONVERSION = YES;
				GCC_WARN_ABOUT_RETURN_TYPE = YES_ERROR;
				GCC_WARN_UNDECLARED_SELECTOR = YES;
				GCC_WARN_UNINITIALIZED_AUTOS = YES_AGGRESSIVE;
				GCC_WARN_UNUSED_FUNCTION = YES;
				GCC_WARN_UNUSED_VARIABLE = YES;
				IPHONEOS_DEPLOYMENT_TARGET = 15.5;
				MTL_ENABLE_DEBUG_INFO = INCLUDE_SOURCE;
				MTL_FAST_MATH = YES;
				ONLY_ACTIVE_ARCH = YES;
				SDKROOT = iphoneos;
				SWIFT_ACTIVE_COMPILATION_CONDITIONS = DEBUG;
				SWIFT_OPTIMIZATION_LEVEL = "-Onone";
			};
			name = Debug;
		};
		61BCA45E2863878800CB2EDD /* Release */ = {
			isa = XCBuildConfiguration;
			buildSettings = {
				ALWAYS_SEARCH_USER_PATHS = NO;
				CLANG_ANALYZER_NONNULL = YES;
				CLANG_ANALYZER_NUMBER_OBJECT_CONVERSION = YES_AGGRESSIVE;
				CLANG_CXX_LANGUAGE_STANDARD = "gnu++17";
				CLANG_ENABLE_MODULES = YES;
				CLANG_ENABLE_OBJC_ARC = YES;
				CLANG_ENABLE_OBJC_WEAK = YES;
				CLANG_WARN_BLOCK_CAPTURE_AUTORELEASING = YES;
				CLANG_WARN_BOOL_CONVERSION = YES;
				CLANG_WARN_COMMA = YES;
				CLANG_WARN_CONSTANT_CONVERSION = YES;
				CLANG_WARN_DEPRECATED_OBJC_IMPLEMENTATIONS = YES;
				CLANG_WARN_DIRECT_OBJC_ISA_USAGE = YES_ERROR;
				CLANG_WARN_DOCUMENTATION_COMMENTS = YES;
				CLANG_WARN_EMPTY_BODY = YES;
				CLANG_WARN_ENUM_CONVERSION = YES;
				CLANG_WARN_INFINITE_RECURSION = YES;
				CLANG_WARN_INT_CONVERSION = YES;
				CLANG_WARN_NON_LITERAL_NULL_CONVERSION = YES;
				CLANG_WARN_OBJC_IMPLICIT_RETAIN_SELF = YES;
				CLANG_WARN_OBJC_LITERAL_CONVERSION = YES;
				CLANG_WARN_OBJC_ROOT_CLASS = YES_ERROR;
				CLANG_WARN_QUOTED_INCLUDE_IN_FRAMEWORK_HEADER = YES;
				CLANG_WARN_RANGE_LOOP_ANALYSIS = YES;
				CLANG_WARN_STRICT_PROTOTYPES = YES;
				CLANG_WARN_SUSPICIOUS_MOVE = YES;
				CLANG_WARN_UNGUARDED_AVAILABILITY = YES_AGGRESSIVE;
				CLANG_WARN_UNREACHABLE_CODE = YES;
				CLANG_WARN__DUPLICATE_METHOD_MATCH = YES;
				COPY_PHASE_STRIP = NO;
				DEBUG_INFORMATION_FORMAT = "dwarf-with-dsym";
				ENABLE_NS_ASSERTIONS = NO;
				ENABLE_STRICT_OBJC_MSGSEND = YES;
				GCC_C_LANGUAGE_STANDARD = gnu11;
				GCC_NO_COMMON_BLOCKS = YES;
				GCC_WARN_64_TO_32_BIT_CONVERSION = YES;
				GCC_WARN_ABOUT_RETURN_TYPE = YES_ERROR;
				GCC_WARN_UNDECLARED_SELECTOR = YES;
				GCC_WARN_UNINITIALIZED_AUTOS = YES_AGGRESSIVE;
				GCC_WARN_UNUSED_FUNCTION = YES;
				GCC_WARN_UNUSED_VARIABLE = YES;
				IPHONEOS_DEPLOYMENT_TARGET = 15.5;
				MTL_ENABLE_DEBUG_INFO = NO;
				MTL_FAST_MATH = YES;
				SDKROOT = iphoneos;
				SWIFT_COMPILATION_MODE = wholemodule;
				SWIFT_OPTIMIZATION_LEVEL = "-O";
				VALIDATE_PRODUCT = YES;
			};
			name = Release;
		};
		61BCA4602863878800CB2EDD /* Debug */ = {
			isa = XCBuildConfiguration;
			buildSettings = {
				ASSETCATALOG_COMPILER_APPICON_NAME = AppIcon;
				ASSETCATALOG_COMPILER_GLOBAL_ACCENT_COLOR_NAME = AccentColor;
				CODE_SIGN_STYLE = Automatic;
				CURRENT_PROJECT_VERSION = 1;
				DEVELOPMENT_TEAM = 2H572U9VB5;
				GENERATE_INFOPLIST_FILE = YES;
				INFOPLIST_FILE = MAD3115Project1/Info.plist;
				INFOPLIST_KEY_UIApplicationSupportsIndirectInputEvents = YES;
				INFOPLIST_KEY_UILaunchStoryboardName = LaunchScreen;
				INFOPLIST_KEY_UIMainStoryboardFile = Main;
				INFOPLIST_KEY_UISupportedInterfaceOrientations_iPad = "UIInterfaceOrientationPortrait UIInterfaceOrientationPortraitUpsideDown UIInterfaceOrientationLandscapeLeft UIInterfaceOrientationLandscapeRight";
				INFOPLIST_KEY_UISupportedInterfaceOrientations_iPhone = "UIInterfaceOrientationPortrait UIInterfaceOrientationLandscapeLeft UIInterfaceOrientationLandscapeRight";
				LD_RUNPATH_SEARCH_PATHS = (
					"$(inherited)",
					"@executable_path/Frameworks",
				);
				MARKETING_VERSION = 1.0;
				PRODUCT_BUNDLE_IDENTIFIER = com.shjk.MAD3115Project1;
				PRODUCT_NAME = "$(TARGET_NAME)";
				SWIFT_EMIT_LOC_STRINGS = YES;
				SWIFT_VERSION = 5.0;
				TARGETED_DEVICE_FAMILY = "1,2";
			};
			name = Debug;
		};
		61BCA4612863878800CB2EDD /* Release */ = {
			isa = XCBuildConfiguration;
			buildSettings = {
				ASSETCATALOG_COMPILER_APPICON_NAME = AppIcon;
				ASSETCATALOG_COMPILER_GLOBAL_ACCENT_COLOR_NAME = AccentColor;
				CODE_SIGN_STYLE = Automatic;
				CURRENT_PROJECT_VERSION = 1;
				DEVELOPMENT_TEAM = 2H572U9VB5;
				GENERATE_INFOPLIST_FILE = YES;
				INFOPLIST_FILE = MAD3115Project1/Info.plist;
				INFOPLIST_KEY_UIApplicationSupportsIndirectInputEvents = YES;
				INFOPLIST_KEY_UILaunchStoryboardName = LaunchScreen;
				INFOPLIST_KEY_UIMainStoryboardFile = Main;
				INFOPLIST_KEY_UISupportedInterfaceOrientations_iPad = "UIInterfaceOrientationPortrait UIInterfaceOrientationPortraitUpsideDown UIInterfaceOrientationLandscapeLeft UIInterfaceOrientationLandscapeRight";
				INFOPLIST_KEY_UISupportedInterfaceOrientations_iPhone = "UIInterfaceOrientationPortrait UIInterfaceOrientationLandscapeLeft UIInterfaceOrientationLandscapeRight";
				LD_RUNPATH_SEARCH_PATHS = (
					"$(inherited)",
					"@executable_path/Frameworks",
				);
				MARKETING_VERSION = 1.0;
				PRODUCT_BUNDLE_IDENTIFIER = com.shjk.MAD3115Project1;
				PRODUCT_NAME = "$(TARGET_NAME)";
				SWIFT_EMIT_LOC_STRINGS = YES;
				SWIFT_VERSION = 5.0;
				TARGETED_DEVICE_FAMILY = "1,2";
			};
			name = Release;
		};
/* End XCBuildConfiguration section */

/* Begin XCConfigurationList section */
		61BCA4462863878600CB2EDD /* Build configuration list for PBXProject "MAD3115Project1" */ = {
			isa = XCConfigurationList;
			buildConfigurations = (
				61BCA45D2863878800CB2EDD /* Debug */,
				61BCA45E2863878800CB2EDD /* Release */,
			);
			defaultConfigurationIsVisible = 0;
			defaultConfigurationName = Release;
		};
		61BCA45F2863878800CB2EDD /* Build configuration list for PBXNativeTarget "MAD3115Project1" */ = {
			isa = XCConfigurationList;
			buildConfigurations = (
				61BCA4602863878800CB2EDD /* Debug */,
				61BCA4612863878800CB2EDD /* Release */,
			);
			defaultConfigurationIsVisible = 0;
			defaultConfigurationName = Release;
		};
/* End XCConfigurationList section */
	};
	rootObject = 61BCA4432863878600CB2EDD /* Project object */;
}
